{
  "name": "simple-server",
  "version": "1.0.0",
  "lockfileVersion": 1,
  "requires": true,
  "dependencies": {
    "http-status-codes": {
      "version": "2.1.1",
      "resolved": "https://registry.npmjs.org/http-status-codes/-/http-status-codes-2.1.1.tgz",
      "integrity": "sha512-MPKYOEXZw8MzXml8XF8UBWzWGuO60ZKXBDCGwxPJmRZJW3eTUsLgB+O+jtlPB8ZOVSUs1vjcrxtitJghYzxtHQ=="
    }
  }
}
